Microsoft Visual Studio Solution File, Format Version 12.00
# Visual Studio Version 17
VisualStudioVersion = 17.5.2.0
MinimumVisualStudioVersion = 10.0.40219.1
Project("{FAE04EC0-301F-11D3-BF4B-00C04F79EFBC}") = "APiGatewayDemo", "APiGatewayDemo.csproj", "{00CC605A-4683-9F95-0471-5425AB7265BD}"
EndProject
Global
	GlobalSection(SolutionConfigurationPlatforms) = preSolution
		Debug|Any CPU = Debug|Any CPU
		Release|Any CPU = Release|Any CPU
	EndGlobalSection
	GlobalSection(ProjectConfigurationPlatforms) = postSolution
		{00CC605A-4683-9F95-0471-5425AB7265BD}.Debug|Any CPU.ActiveCfg = Debug|Any CPU
		{00CC605A-4683-9F95-0471-5425AB7265BD}.Debug|Any CPU.Build.0 = Debug|Any CPU
		{00CC605A-4683-9F95-0471-5425AB7265BD}.Release|Any CPU.ActiveCfg = Release|Any CPU
		{00CC605A-4683-9F95-0471-5425AB7265BD}.Release|Any CPU.Build.0 = Release|Any CPU
	EndGlobalSection
	GlobalSection(SolutionProperties) = preSolution
		HideSolutionNode = FALSE
	EndGlobalSection
	GlobalSection(ExtensibilityGlobals) = postSolution
		SolutionGuid = {DF6DC5D0-F468-44A1-B57C-AE1A0A69B940}
	EndGlobalSection
EndGlobal
