
Microsoft Visual Studio Solution File, Format Version 12.00
# Visual Studio Version 17
VisualStudioVersion = 17.14.36915.13 d17.14
MinimumVisualStudioVersion = 10.0.40219.1
Project("{FAE04EC0-301F-11D3-BF4B-00C04F79EFBC}") = "ExceptionHandling", "ExceptionHandling\ExceptionHandling.csproj", "{03EC5455-E1AD-42ED-8A94-9CAE16B99BD1}"
EndProject
Global
	GlobalSection(SolutionConfigurationPlatforms) = preSolution
		Debug|Any CPU = Debug|Any CPU
		Release|Any CPU = Release|Any CPU
	EndGlobalSection
	GlobalSection(ProjectConfigurationPlatforms) = postSolution
		{03EC5455-E1AD-42ED-8A94-9CAE16B99BD1}.Debug|Any CPU.ActiveCfg = Debug|Any CPU
		{03EC5455-E1AD-42ED-8A94-9CAE16B99BD1}.Debug|Any CPU.Build.0 = Debug|Any CPU
		{03EC5455-E1AD-42ED-8A94-9CAE16B99BD1}.Release|Any CPU.ActiveCfg = Release|Any CPU
		{03EC5455-E1AD-42ED-8A94-9CAE16B99BD1}.Release|Any CPU.Build.0 = Release|Any CPU
	EndGlobalSection
	GlobalSection(SolutionProperties) = preSolution
		HideSolutionNode = FALSE
	EndGlobalSection
	GlobalSection(ExtensibilityGlobals) = postSolution
		SolutionGuid = {DB0A948B-BB41-4B5B-98F4-729FC289504A}
	EndGlobalSection
EndGlobal
